{
  "name": "xlsx-parser",
  "version": "1.0.0",
  "lockfileVersion": 3,
  "requires": true,
  "packages": {
    "": {
      "name": "xlsx-parser",
      "version": "1.0.0",
      "license": "MIT",
      "dependencies": {
        "dateformat": "^5.0.3",
        "docx-builder": "^1.0.7",
        "node-xlsx": "^0.23.0"
      }
    },
    "node_modules/dateformat": {
      "version": "5.0.3",
      "resolved": "https://registry.npmjs.org/dateformat/-/dateformat-5.0.3.tgz",
      "integrity": "sha512-Kvr6HmPXUMerlLcLF+Pwq3K7apHpYmGDVqrxcDasBg86UcKeTSNWbEzU8bwdXnxnR44FtMhJAxI4Bov6Y/KUfA==",
      "engines": {
        "node": ">=12.20"
      }
    },
    "node_modules/docx-builder": {
      "version": "1.0.7",
      "resolved": "https://registry.npmjs.org/docx-builder/-/docx-builder-1.0.7.tgz",
      "integrity": "sha512-8bwqUZkGxeKW6b+5gmHajvL5tlFUFErlBPUPYkgqx6lfMDxWCi+r8kTdmFXQyukpMSz8OpM6w0sKDsYwrnHRbg==",
      "dependencies": {
        "docxtemplater": "3.0.11",
        "jszip": "2.6.1"
      }
    },
    "node_modules/docxtemplater": {
      "version": "3.0.11",
      "resolved": "https://registry.npmjs.org/docxtemplater/-/docxtemplater-3.0.11.tgz",
      "integrity": "sha512-0OzkIIOqHxxUggVRpKdVdgomVmTWfuoLisFFSbo8WUQ82Ta05QYEi0f5rjBtCsqYpbgxMHuLBgTdGLTNwYIpiQ==",
      "dependencies": {
        "xmldom": "^0.1.27"
      },
      "bin": {
        "docxtemplater": "js/cli.js"
      },
      "engines": {
        "node": ">=0.10"
      }
    },
    "node_modules/jszip": {
      "version": "2.6.1",
      "resolved": "https://registry.npmjs.org/jszip/-/jszip-2.6.1.tgz",
      "integrity": "sha512-C4Z++nYQv+CudUkCWUdz+yKVhQiFJjuWSmRJ5Sg3d3/OzcJ6U4ooUYlmE3+rJXrVk89KWQaiJ9mPp/VLQ4D66g==",
      "dependencies": {
        "pako": "~1.0.2"
      }
    },
    "node_modules/node-xlsx": {
      "version": "0.23.0",
      "resolved": "https://registry.npmjs.org/node-xlsx/-/node-xlsx-0.23.0.tgz",
      "integrity": "sha512-r3KaSZSsSrK92rbPXnX/vDdxURmPPik0rjJ3A+Pybzpjyrk4G6WyGfj8JIz5dMMEpCmWVpmO4qoVPBxnpLv/8Q==",
      "dependencies": {
        "xlsx": "https://cdn.sheetjs.com/xlsx-0.19.3/xlsx-0.19.3.tgz"
      },
      "bin": {
        "node-xlsx": "lib/bin/cli.js"
      },
      "engines": {
        "node": ">=10.0.0"
      }
    },
    "node_modules/pako": {
      "version": "1.0.11",
      "resolved": "https://registry.npmjs.org/pako/-/pako-1.0.11.tgz",
      "integrity": "sha512-4hLB8Py4zZce5s4yd9XzopqwVv/yGNhV1Bl8NTmCq1763HeK2+EwVTv+leGeL13Dnh2wfbqowVPXCIO0z4taYw=="
    },
    "node_modules/xlsx": {
      "version": "0.19.3",
      "resolved": "https://cdn.sheetjs.com/xlsx-0.19.3/xlsx-0.19.3.tgz",
      "integrity": "sha512-8IfgFctB7fkvqkTGF2MnrDrC6vzE28Wcc1aSbdDQ+4/WFtzfS73YuapbuaPZwGqpR2e0EeDMIrFOJubQVLWFNA==",
      "license": "Apache-2.0",
      "bin": {
        "xlsx": "bin/xlsx.njs"
      },
      "engines": {
        "node": ">=0.8"
      }
    },
    "node_modules/xmldom": {
      "version": "0.1.31",
      "resolved": "https://registry.npmjs.org/xmldom/-/xmldom-0.1.31.tgz",
      "integrity": "sha512-yS2uJflVQs6n+CyjHoaBmVSqIDevTAWrzMmjG1Gc7h1qQ7uVozNhEPJAwZXWyGQ/Gafo3fCwrcaokezLPupVyQ==",
      "deprecated": "Deprecated due to CVE-2021-21366 resolved in 0.5.0",
      "engines": {
        "node": ">=0.1"
      }
    }
  }
}
